{
  "name": "scripts",
  "version": "1.0.0",
  "lockfileVersion": 1,
  "requires": true,
  "dependencies": {
    "dxftosvg": {
      "version": "1.0.0",
      "resolved": "http://192.168.56.99:4873/dxftosvg/-/dxftosvg-1.0.0.tgz",
      "integrity": "sha512-+6QMz4B2/SbKJimfDYxRmvsLTdGhP7ERosxhCsuAGbdOYzN4I4GXVc4aHBuAzIQl0Glu7Sm7wk7w8565ft8zxQ=="
    }
  }
}
